// !$*UTF8*$!
{
	archiveVersion = 1;
	classes = {
	};
	objectVersion = 77;
	objects = {

/* Begin PBXBuildFile section */
		87A53B8C2DA659D800C290E9 /* VKNetworkManager in Frameworks */ = {isa = PBXBuildFile; productRef = 87A53B8B2DA659D800C290E9 /* VKNetworkManager */; };
/* End PBXBuildFile section */

/* Begin PBXContainerItemProxy section */
		87A53B682DA6567600C290E9 /* PBXContainerItemProxy */ = {
			isa = PBXContainerItemProxy;
			containerPortal = 87A53B522DA6567300C290E9 /* Project object */;
			proxyType = 1;
			remoteGlobalIDString = 87A53B592DA6567300C290E9;
			remoteInfo = NetworkManagerSample;
		};
		87A53B722DA6567600C290E9 /* PBXContainerItemProxy */ = {
			isa = PBXContainerItemProxy;
			containerPortal = 87A53B522DA6567300C290E9 /* Project object */;
			proxyType = 1;
			remoteGlobalIDString = 87A53B592DA6567300C290E9;
			remoteInfo = NetworkManagerSample;
		};
/* End PBXContainerItemProxy section */

/* Begin PBXFileReference section */
		87A53B5A2DA6567300C290E9 /* NetworkManagerSample.app */ = {isa = PBXFileReference; explicitFileType = wrapper.application; includeInIndex = 0; path = NetworkManagerSample.app; sourceTree = BUILT_PRODUCTS_DIR; };
		87A53B672DA6567600C290E9 /* NetworkManagerSampleTests.xctest */ = {isa = PBXFileReference; explicitFileType = wrapper.cfbundle; includeInIndex = 0; path = NetworkManagerSampleTests.xctest; sourceTree = BUILT_PRODUCTS_DIR; };
		87A53B712DA6567600C290E9 /* NetworkManagerSampleUITests.xctest */ = {isa = PBXFileReference; explicitFileType = wrapper.cfbundle; includeInIndex = 0; path = NetworkManagerSampleUITests.xctest; sourceTree = BUILT_PRODUCTS_DIR; };
/* End PBXFileReference section */

/* Begin PBXFileSystemSynchronizedRootGroup section */
		87A53B5C2DA6567300C290E9 /* NetworkManagerSample */ = {
			isa = PBXFileSystemSynchronizedRootGroup;
			path = NetworkManagerSample;
			sourceTree = "<group>";
		};
		87A53B6A2DA6567600C290E9 /* NetworkManagerSampleTests */ = {
			isa = PBXFileSystemSynchronizedRootGroup;
			path = NetworkManagerSampleTests;
			sourceTree = "<group>";
		};
		87A53B742DA6567600C290E9 /* NetworkManagerSampleUITests */ = {
			isa = PBXFileSystemSynchronizedRootGroup;
			path = NetworkManagerSampleUITests;
			sourceTree = "<group>";
		};
/* End PBXFileSystemSynchronizedRootGroup section */

/* Begin PBXFrameworksBuildPhase section */
		87A53B572DA6567300C290E9 /* Frameworks */ = {
			isa = PBXFrameworksBuildPhase;
			buildActionMask = 2147483647;
			files = (
				87A53B8C2DA659D800C290E9 /* VKNetworkManager in Frameworks */,
			);
			runOnlyForDeploymentPostprocessing = 0;
		};
		87A53B642DA6567600C290E9 /* Frameworks */ = {
			isa = PBXFrameworksBuildPhase;
			buildActionMask = 2147483647;
			files = (
			);
			runOnlyForDeploymentPostprocessing = 0;
		};
		87A53B6E2DA6567600C290E9 /* Frameworks */ = {
			isa = PBXFrameworksBuildPhase;
			buildActionMask = 2147483647;
			files = (
			);
			runOnlyForDeploymentPostprocessing = 0;
		};
/* End PBXFrameworksBuildPhase section */

/* Begin PBXGroup section */
		87A53B512DA6567300C290E9 = {
			isa = PBXGroup;
			children = (
				87A53B5C2DA6567300C290E9 /* NetworkManagerSample */,
				87A53B6A2DA6567600C290E9 /* NetworkManagerSampleTests */,
				87A53B742DA6567600C290E9 /* NetworkManagerSampleUITests */,
				87A53B5B2DA6567300C290E9 /* Products */,
			);
			sourceTree = "<group>";
		};
		87A53B5B2DA6567300C290E9 /* Products */ = {
			isa = PBXGroup;
			children = (
				87A53B5A2DA6567300C290E9 /* NetworkManagerSample.app */,
				87A53B672DA6567600C290E9 /* NetworkManagerSampleTests.xctest */,
				87A53B712DA6567600C290E9 /* NetworkManagerSampleUITests.xctest */,
			);
			name = Products;
			sourceTree = "<group>";
		};
/* End PBXGroup section */

/* Begin PBXNativeTarget section */
		87A53B592DA6567300C290E9 /* NetworkManagerSample */ = {
			isa = PBXNativeTarget;
			buildConfigurationList = 87A53B7B2DA6567600C290E9 /* Build configuration list for PBXNativeTarget "NetworkManagerSample" */;
			buildPhases = (
				87A53B562DA6567300C290E9 /* Sources */,
				87A53B572DA6567300C290E9 /* Frameworks */,
				87A53B582DA6567300C290E9 /* Resources */,
			);
			buildRules = (
			);
			dependencies = (
			);
			fileSystemSynchronizedGroups = (
				87A53B5C2DA6567300C290E9 /* NetworkManagerSample */,
			);
			name = NetworkManagerSample;
			packageProductDependencies = (
				87A53B8B2DA659D800C290E9 /* VKNetworkManager */,
			);
			productName = NetworkManagerSample;
			productReference = 87A53B5A2DA6567300C290E9 /* NetworkManagerSample.app */;
			productType = "com.apple.product-type.application";
		};
		87A53B662DA6567600C290E9 /* NetworkManagerSampleTests */ = {
			isa = PBXNativeTarget;
			buildConfigurationList = 87A53B7E2DA6567600C290E9 /* Build configuration list for PBXNativeTarget "NetworkManagerSampleTests" */;
			buildPhases = (
				87A53B632DA6567600C290E9 /* Sources */,
				87A53B642DA6567600C290E9 /* Frameworks */,
				87A53B652DA6567600C290E9 /* Resources */,
			);
			buildRules = (
			);
			dependencies = (
				87A53B692DA6567600C290E9 /* PBXTargetDependency */,
			);
			fileSystemSynchronizedGroups = (
				87A53B6A2DA6567600C290E9 /* NetworkManagerSampleTests */,
			);
			name = NetworkManagerSampleTests;
			packageProductDependencies = (
			);
			productName = NetworkManagerSampleTests;
			productReference = 87A53B672DA6567600C290E9 /* NetworkManagerSampleTests.xctest */;
			productType = "com.apple.product-type.bundle.unit-test";
		};
		87A53B702DA6567600C290E9 /* NetworkManagerSampleUITests */ = {
			isa = PBXNativeTarget;
			buildConfigurationList = 87A53B812DA6567600C290E9 /* Build configuration list for PBXNativeTarget "NetworkManagerSampleUITests" */;
			buildPhases = (
				87A53B6D2DA6567600C290E9 /* Sources */,
				87A53B6E2DA6567600C290E9 /* Frameworks */,
				87A53B6F2DA6567600C290E9 /* Resources */,
			);
			buildRules = (
			);
			dependencies = (
				87A53B732DA6567600C290E9 /* PBXTargetDependency */,
			);
			fileSystemSynchronizedGroups = (
				87A53B742DA6567600C290E9 /* NetworkManagerSampleUITests */,
			);
			name = NetworkManagerSampleUITests;
			packageProductDependencies = (
			);
			productName = NetworkManagerSampleUITests;
			productReference = 87A53B712DA6567600C290E9 /* NetworkManagerSampleUITests.xctest */;
			productType = "com.apple.product-type.bundle.ui-testing";
		};
/* End PBXNativeTarget section */

/* Begin PBXProject section */
		87A53B522DA6567300C290E9 /* Project object */ = {
			isa = PBXProject;
			attributes = {
				BuildIndependentTargetsInParallel = 1;
				LastSwiftUpdateCheck = 1630;
				LastUpgradeCheck = 1630;
				TargetAttributes = {
					87A53B592DA6567300C290E9 = {
						CreatedOnToolsVersion = 16.3;
					};
					87A53B662DA6567600C290E9 = {
						CreatedOnToolsVersion = 16.3;
						TestTargetID = 87A53B592DA6567300C290E9;
					};
					87A53B702DA6567600C290E9 = {
						CreatedOnToolsVersion = 16.3;
						TestTargetID = 87A53B592DA6567300C290E9;
					};
				};
			};
			buildConfigurationList = 87A53B552DA6567300C290E9 /* Build configuration list for PBXProject "NetworkManagerSample" */;
			developmentRegion = en;
			hasScannedForEncodings = 0;
			knownRegions = (
				en,
				Base,
			);
			mainGroup = 87A53B512DA6567300C290E9;
			minimizedProjectReferenceProxies = 1;
			packageReferences = (
				87A53B8A2DA6597000C290E9 /* XCRemoteSwiftPackageReference "VKNetworkManager" */,
			);
			preferredProjectObjectVersion = 77;
			productRefGroup = 87A53B5B2DA6567300C290E9 /* Products */;
			projectDirPath = "";
			projectRoot = "";
			targets = (
				87A53B592DA6567300C290E9 /* NetworkManagerSample */,
				87A53B662DA6567600C290E9 /* NetworkManagerSampleTests */,
				87A53B702DA6567600C290E9 /* NetworkManagerSampleUITests */,
			);
		};
/* End PBXProject section */

/* Begin PBXResourcesBuildPhase section */
		87A53B582DA6567300C290E9 /* Resources */ = {
			isa = PBXResourcesBuildPhase;
			buildActionMask = 2147483647;
			files = (
			);
			runOnlyForDeploymentPostprocessing = 0;
		};
		87A53B652DA6567600C290E9 /* Resources */ = {
			isa = PBXResourcesBuildPhase;
			buildActionMask = 2147483647;
			files = (
			);
			runOnlyForDeploymentPostprocessing = 0;
		};
		87A53B6F2DA6567600C290E9 /* Resources */ = {
			isa = PBXResourcesBuildPhase;
			buildActionMask = 2147483647;
			files = (
			);
			runOnlyForDeploymentPostprocessing = 0;
		};
/* End PBXResourcesBuildPhase section */

/* Begin PBXSourcesBuildPhase section */
		87A53B562DA6567300C290E9 /* Sources */ = {
			isa = PBXSourcesBuildPhase;
			buildActionMask = 2147483647;
			files = (
			);
			runOnlyForDeploymentPostprocessing = 0;
		};
		87A53B632DA6567600C290E9 /* Sources */ = {
			isa = PBXSourcesBuildPhase;
			buildActionMask = 2147483647;
			files = (
			);
			runOnlyForDeploymentPostprocessing = 0;
		};
		87A53B6D2DA6567600C290E9 /* Sources */ = {
			isa = PBXSourcesBuildPhase;
			buildActionMask = 2147483647;
			files = (
			);
			runOnlyForDeploymentPostprocessing = 0;
		};
/* End PBXSourcesBuildPhase section */

/* Begin PBXTargetDependency section */
		87A53B692DA6567600C290E9 /* PBXTargetDependency */ = {
			isa = PBXTargetDependency;
			target = 87A53B592DA6567300C290E9 /* NetworkManagerSample */;
			targetProxy = 87A53B682DA6567600C290E9 /* PBXContainerItemProxy */;
		};
		87A53B732DA6567600C290E9 /* PBXTargetDependency */ = {
			isa = PBXTargetDependency;
			target = 87A53B592DA6567300C290E9 /* NetworkManagerSample */;
			targetProxy = 87A53B722DA6567600C290E9 /* PBXContainerItemProxy */;
		};
/* End PBXTargetDependency section */

/* Begin XCBuildConfiguration section */
		87A53B792DA6567600C290E9 /* Debug */ = {
			isa = XCBuildConfiguration;
			buildSettings = {
				ALWAYS_SEARCH_USER_PATHS = NO;
				ASSETCATALOG_COMPILER_GENERATE_SWIFT_ASSET_SYMBOL_EXTENSIONS = YES;
				CLANG_ANALYZER_NONNULL = YES;
				CLANG_ANALYZER_NUMBER_OBJECT_CONVERSION = YES_AGGRESSIVE;
				CLANG_CXX_LANGUAGE_STANDARD = "gnu++20";
				CLANG_ENABLE_MODULES = YES;
				CLANG_ENABLE_OBJC_ARC = YES;
				CLANG_ENABLE_OBJC_WEAK = YES;
				CLANG_WARN_BLOCK_CAPTURE_AUTORELEASING = YES;
				CLANG_WARN_BOOL_CONVERSION = YES;
				CLANG_WARN_COMMA = YES;
				CLANG_WARN_CONSTANT_CONVERSION = YES;
				CLANG_WARN_DEPRECATED_OBJC_IMPLEMENTATIONS = YES;
				CLANG_WARN_DIRECT_OBJC_ISA_USAGE = YES_ERROR;
				CLANG_WARN_DOCUMENTATION_COMMENTS = YES;
				CLANG_WARN_EMPTY_BODY = YES;
				CLANG_WARN_ENUM_CONVERSION = YES;
				CLANG_WARN_INFINITE_RECURSION = YES;
				CLANG_WARN_INT_CONVERSION = YES;
				CLANG_WARN_NON_LITERAL_NULL_CONVERSION = YES;
				CLANG_WARN_OBJC_IMPLICIT_RETAIN_SELF = YES;
				CLANG_WARN_OBJC_LITERAL_CONVERSION = YES;
				CLANG_WARN_OBJC_ROOT_CLASS = YES_ERROR;
				CLANG_WARN_QUOTED_INCLUDE_IN_FRAMEWORK_HEADER = YES;
				CLANG_WARN_RANGE_LOOP_ANALYSIS = YES;
				CLANG_WARN_STRICT_PROTOTYPES = YES;
				CLANG_WARN_SUSPICIOUS_MOVE = YES;
				CLANG_WARN_UNGUARDED_AVAILABILITY = YES_AGGRESSIVE;
				CLANG_WARN_UNREACHABLE_CODE = YES;
				CLANG_WARN__DUPLICATE_METHOD_MATCH = YES;
				COPY_PHASE_STRIP = NO;
				DEBUG_INFORMATION_FORMAT = dwarf;
				DEVELOPMENT_TEAM = 5NV8XFN9EY;
				ENABLE_STRICT_OBJC_MSGSEND = YES;
				ENABLE_TESTABILITY = YES;
				ENABLE_USER_SCRIPT_SANDBOXING = YES;
				GCC_C_LANGUAGE_STANDARD = gnu17;
				GCC_DYNAMIC_NO_PIC = NO;
				GCC_NO_COMMON_BLOCKS = YES;
				GCC_OPTIMIZATION_LEVEL = 0;
				GCC_PREPROCESSOR_DEFINITIONS = (
					"DEBUG=1",
					"$(inherited)",
				);
				GCC_WARN_64_TO_32_BIT_CONVERSION = YES;
				GCC_WARN_ABOUT_RETURN_TYPE = YES_ERROR;
				GCC_WARN_UNDECLARED_SELECTOR = YES;
				GCC_WARN_UNINITIALIZED_AUTOS = YES_AGGRESSIVE;
				GCC_WARN_UNUSED_FUNCTION = YES;
				GCC_WARN_UNUSED_VARIABLE = YES;
				IPHONEOS_DEPLOYMENT_TARGET = 18.4;
				LOCALIZATION_PREFERS_STRING_CATALOGS = YES;
				MTL_ENABLE_DEBUG_INFO = INCLUDE_SOURCE;
				MTL_FAST_MATH = YES;
				ONLY_ACTIVE_ARCH = YES;
				SDKROOT = iphoneos;
				SWIFT_ACTIVE_COMPILATION_CONDITIONS = "DEBUG $(inherited)";
				SWIFT_OPTIMIZATION_LEVEL = "-Onone";
			};
			name = Debug;
		};
		87A53B7A2DA6567600C290E9 /* Release */ = {
			isa = XCBuildConfiguration;
			buildSettings = {
				ALWAYS_SEARCH_USER_PATHS = NO;
				ASSETCATALOG_COMPILER_GENERATE_SWIFT_ASSET_SYMBOL_EXTENSIONS = YES;
				CLANG_ANALYZER_NONNULL = YES;
				CLANG_ANALYZER_NUMBER_OBJECT_CONVERSION = YES_AGGRESSIVE;
				CLANG_CXX_LANGUAGE_STANDARD = "gnu++20";
				CLANG_ENABLE_MODULES = YES;
				CLANG_ENABLE_OBJC_ARC = YES;
				CLANG_ENABLE_OBJC_WEAK = YES;
				CLANG_WARN_BLOCK_CAPTURE_AUTORELEASING = YES;
				CLANG_WARN_BOOL_CONVERSION = YES;
				CLANG_WARN_COMMA = YES;
				CLANG_WARN_CONSTANT_CONVERSION = YES;
				CLANG_WARN_DEPRECATED_OBJC_IMPLEMENTATIONS = YES;
				CLANG_WARN_DIRECT_OBJC_ISA_USAGE = YES_ERROR;
				CLANG_WARN_DOCUMENTATION_COMMENTS = YES;
				CLANG_WARN_EMPTY_BODY = YES;
				CLANG_WARN_ENUM_CONVERSION = YES;
				CLANG_WARN_INFINITE_RECURSION = YES;
				CLANG_WARN_INT_CONVERSION = YES;
				CLANG_WARN_NON_LITERAL_NULL_CONVERSION = YES;
				CLANG_WARN_OBJC_IMPLICIT_RETAIN_SELF = YES;
				CLANG_WARN_OBJC_LITERAL_CONVERSION = YES;
				CLANG_WARN_OBJC_ROOT_CLASS = YES_ERROR;
				CLANG_WARN_QUOTED_INCLUDE_IN_FRAMEWORK_HEADER = YES;
				CLANG_WARN_RANGE_LOOP_ANALYSIS = YES;
				CLANG_WARN_STRICT_PROTOTYPES = YES;
				CLANG_WARN_SUSPICIOUS_MOVE = YES;
				CLANG_WARN_UNGUARDED_AVAILABILITY = YES_AGGRESSIVE;
				CLANG_WARN_UNREACHABLE_CODE = YES;
				CLANG_WARN__DUPLICATE_METHOD_MATCH = YES;
				COPY_PHASE_STRIP = NO;
				DEBUG_INFORMATION_FORMAT = "dwarf-with-dsym";
				DEVELOPMENT_TEAM = 5NV8XFN9EY;
				ENABLE_NS_ASSERTIONS = NO;
				ENABLE_STRICT_OBJC_MSGSEND = YES;
				ENABLE_USER_SCRIPT_SANDBOXING = YES;
				GCC_C_LANGUAGE_STANDARD = gnu17;
				GCC_NO_COMMON_BLOCKS = YES;
				GCC_WARN_64_TO_32_BIT_CONVERSION = YES;
				GCC_WARN_ABOUT_RETURN_TYPE = YES_ERROR;
				GCC_WARN_UNDECLARED_SELECTOR = YES;
				GCC_WARN_UNINITIALIZED_AUTOS = YES_AGGRESSIVE;
				GCC_WARN_UNUSED_FUNCTION = YES;
				GCC_WARN_UNUSED_VARIABLE = YES;
				IPHONEOS_DEPLOYMENT_TARGET = 18.4;
				LOCALIZATION_PREFERS_STRING_CATALOGS = YES;
				MTL_ENABLE_DEBUG_INFO = NO;
				MTL_FAST_MATH = YES;
				SDKROOT = iphoneos;
				SWIFT_COMPILATION_MODE = wholemodule;
				VALIDATE_PRODUCT = YES;
			};
			name = Release;
		};
		87A53B7C2DA6567600C290E9 /* Debug */ = {
			isa = XCBuildConfiguration;
			buildSettings = {
				ASSETCATALOG_COMPILER_APPICON_NAME = AppIcon;
				ASSETCATALOG_COMPILER_GLOBAL_ACCENT_COLOR_NAME = AccentColor;
				CODE_SIGN_STYLE = Automatic;
				CURRENT_PROJECT_VERSION = 1;
				DEVELOPMENT_TEAM = 5NV8XFN9EY;
				ENABLE_PREVIEWS = YES;
				GENERATE_INFOPLIST_FILE = YES;
				INFOPLIST_KEY_UIApplicationSceneManifest_Generation = YES;
				INFOPLIST_KEY_UIApplicationSupportsIndirectInputEvents = YES;
				INFOPLIST_KEY_UILaunchScreen_Generation = YES;
				INFOPLIST_KEY_UISupportedInterfaceOrientations_iPad = "UIInterfaceOrientationPortrait UIInterfaceOrientationPortraitUpsideDown UIInterfaceOrientationLandscapeLeft UIInterfaceOrientationLandscapeRight";
				INFOPLIST_KEY_UISupportedInterfaceOrientations_iPhone = "UIInterfaceOrientationPortrait UIInterfaceOrientationLandscapeLeft UIInterfaceOrientationLandscapeRight";
				LD_RUNPATH_SEARCH_PATHS = (
					"$(inherited)",
					"@executable_path/Frameworks",
				);
				MARKETING_VERSION = 1.0;
				PRODUCT_BUNDLE_IDENTIFIER = com.jeet.NetworkManagerSample;
				PRODUCT_NAME = "$(TARGET_NAME)";
				SWIFT_EMIT_LOC_STRINGS = YES;
				SWIFT_VERSION = 5.0;
				TARGETED_DEVICE_FAMILY = "1,2";
			};
			name = Debug;
		};
		87A53B7D2DA6567600C290E9 /* Release */ = {
			isa = XCBuildConfiguration;
			buildSettings = {
				ASSETCATALOG_COMPILER_APPICON_NAME = AppIcon;
				ASSETCATALOG_COMPILER_GLOBAL_ACCENT_COLOR_NAME = AccentColor;
				CODE_SIGN_STYLE = Automatic;
				CURRENT_PROJECT_VERSION = 1;
				DEVELOPMENT_TEAM = 5NV8XFN9EY;
				ENABLE_PREVIEWS = YES;
				GENERATE_INFOPLIST_FILE = YES;
				INFOPLIST_KEY_UIApplicationSceneManifest_Generation = YES;
				INFOPLIST_KEY_UIApplicationSupportsIndirectInputEvents = YES;
				INFOPLIST_KEY_UILaunchScreen_Generation = YES;
				INFOPLIST_KEY_UISupportedInterfaceOrientations_iPad = "UIInterfaceOrientationPortrait UIInterfaceOrientationPortraitUpsideDown UIInterfaceOrientationLandscapeLeft UIInterfaceOrientationLandscapeRight";
				INFOPLIST_KEY_UISupportedInterfaceOrientations_iPhone = "UIInterfaceOrientationPortrait UIInterfaceOrientationLandscapeLeft UIInterfaceOrientationLandscapeRight";
				LD_RUNPATH_SEARCH_PATHS = (
					"$(inherited)",
					"@executable_path/Frameworks",
				);
				MARKETING_VERSION = 1.0;
				PRODUCT_BUNDLE_IDENTIFIER = com.jeet.NetworkManagerSample;
				PRODUCT_NAME = "$(TARGET_NAME)";
				SWIFT_EMIT_LOC_STRINGS = YES;
				SWIFT_VERSION = 5.0;
				TARGETED_DEVICE_FAMILY = "1,2";
			};
			name = Release;
		};
		87A53B7F2DA6567600C290E9 /* Debug */ = {
			isa = XCBuildConfiguration;
			buildSettings = {
				BUNDLE_LOADER = "$(TEST_HOST)";
				CODE_SIGN_STYLE = Automatic;
				CURRENT_PROJECT_VERSION = 1;
				DEVELOPMENT_TEAM = 5NV8XFN9EY;
				GENERATE_INFOPLIST_FILE = YES;
				IPHONEOS_DEPLOYMENT_TARGET = 18.4;
				MARKETING_VERSION = 1.0;
				PRODUCT_BUNDLE_IDENTIFIER = com.jeet.NetworkManagerSampleTests;
				PRODUCT_NAME = "$(TARGET_NAME)";
				SWIFT_EMIT_LOC_STRINGS = NO;
				SWIFT_VERSION = 5.0;
				TARGETED_DEVICE_FAMILY = "1,2";
				TEST_HOST = "$(BUILT_PRODUCTS_DIR)/NetworkManagerSample.app/$(BUNDLE_EXECUTABLE_FOLDER_PATH)/NetworkManagerSample";
			};
			name = Debug;
		};
		87A53B802DA6567600C290E9 /* Release */ = {
			isa = XCBuildConfiguration;
			buildSettings = {
				BUNDLE_LOADER = "$(TEST_HOST)";
				CODE_SIGN_STYLE = Automatic;
				CURRENT_PROJECT_VERSION = 1;
				DEVELOPMENT_TEAM = 5NV8XFN9EY;
				GENERATE_INFOPLIST_FILE = YES;
				IPHONEOS_DEPLOYMENT_TARGET = 18.4;
				MARKETING_VERSION = 1.0;
				PRODUCT_BUNDLE_IDENTIFIER = com.jeet.NetworkManagerSampleTests;
				PRODUCT_NAME = "$(TARGET_NAME)";
				SWIFT_EMIT_LOC_STRINGS = NO;
				SWIFT_VERSION = 5.0;
				TARGETED_DEVICE_FAMILY = "1,2";
				TEST_HOST = "$(BUILT_PRODUCTS_DIR)/NetworkManagerSample.app/$(BUNDLE_EXECUTABLE_FOLDER_PATH)/NetworkManagerSample";
			};
			name = Release;
		};
		87A53B822DA6567600C290E9 /* Debug */ = {
			isa = XCBuildConfiguration;
			buildSettings = {
				CODE_SIGN_STYLE = Automatic;
				CURRENT_PROJECT_VERSION = 1;
				DEVELOPMENT_TEAM = 5NV8XFN9EY;
				GENERATE_INFOPLIST_FILE = YES;
				MARKETING_VERSION = 1.0;
				PRODUCT_BUNDLE_IDENTIFIER = com.jeet.NetworkManagerSampleUITests;
				PRODUCT_NAME = "$(TARGET_NAME)";
				SWIFT_EMIT_LOC_STRINGS = NO;
				SWIFT_VERSION = 5.0;
				TARGETED_DEVICE_FAMILY = "1,2";
				TEST_TARGET_NAME = NetworkManagerSample;
			};
			name = Debug;
		};
		87A53B832DA6567600C290E9 /* Release */ = {
			isa = XCBuildConfiguration;
			buildSettings = {
				CODE_SIGN_STYLE = Automatic;
				CURRENT_PROJECT_VERSION = 1;
				DEVELOPMENT_TEAM = 5NV8XFN9EY;
				GENERATE_INFOPLIST_FILE = YES;
				MARKETING_VERSION = 1.0;
				PRODUCT_BUNDLE_IDENTIFIER = com.jeet.NetworkManagerSampleUITests;
				PRODUCT_NAME = "$(TARGET_NAME)";
				SWIFT_EMIT_LOC_STRINGS = NO;
				SWIFT_VERSION = 5.0;
				TARGETED_DEVICE_FAMILY = "1,2";
				TEST_TARGET_NAME = NetworkManagerSample;
			};
			name = Release;
		};
/* End XCBuildConfiguration section */

/* Begin XCConfigurationList section */
		87A53B552DA6567300C290E9 /* Build configuration list for PBXProject "NetworkManagerSample" */ = {
			isa = XCConfigurationList;
			buildConfigurations = (
				87A53B792DA6567600C290E9 /* Debug */,
				87A53B7A2DA6567600C290E9 /* Release */,
			);
			defaultConfigurationIsVisible = 0;
			defaultConfigurationName = Release;
		};
		87A53B7B2DA6567600C290E9 /* Build configuration list for PBXNativeTarget "NetworkManagerSample" */ = {
			isa = XCConfigurationList;
			buildConfigurations = (
				87A53B7C2DA6567600C290E9 /* Debug */,
				87A53B7D2DA6567600C290E9 /* Release */,
			);
			defaultConfigurationIsVisible = 0;
			defaultConfigurationName = Release;
		};
		87A53B7E2DA6567600C290E9 /* Build configuration list for PBXNativeTarget "NetworkManagerSampleTests" */ = {
			isa = XCConfigurationList;
			buildConfigurations = (
				87A53B7F2DA6567600C290E9 /* Debug */,
				87A53B802DA6567600C290E9 /* Release */,
			);
			defaultConfigurationIsVisible = 0;
			defaultConfigurationName = Release;
		};
		87A53B812DA6567600C290E9 /* Build configuration list for PBXNativeTarget "NetworkManagerSampleUITests" */ = {
			isa = XCConfigurationList;
			buildConfigurations = (
				87A53B822DA6567600C290E9 /* Debug */,
				87A53B832DA6567600C290E9 /* Release */,
			);
			defaultConfigurationIsVisible = 0;
			defaultConfigurationName = Release;
		};
/* End XCConfigurationList section */

/* Begin XCRemoteSwiftPackageReference section */
		87A53B8A2DA6597000C290E9 /* XCRemoteSwiftPackageReference "VKNetworkManager" */ = {
			isa = XCRemoteSwiftPackageReference;
			repositoryURL = "https://github.com/Vishwajeet-Kumar32/VKNetworkManager";
			requirement = {
				kind = upToNextMajorVersion;
				minimumVersion = 1.0.0;
			};
		};
/* End XCRemoteSwiftPackageReference section */

/* Begin XCSwiftPackageProductDependency section */
		87A53B8B2DA659D800C290E9 /* VKNetworkManager */ = {
			isa = XCSwiftPackageProductDependency;
			package = 87A53B8A2DA6597000C290E9 /* XCRemoteSwiftPackageReference "VKNetworkManager" */;
			productName = VKNetworkManager;
		};
/* End XCSwiftPackageProductDependency section */
	};
	rootObject = 87A53B522DA6567300C290E9 /* Project object */;
}
